
Microsoft Visual Studio Solution File, Format Version 12.00
# Visual Studio Version 16
VisualStudioVersion = 16.0.31402.337
MinimumVisualStudioVersion = 10.0.40219.1
Project("{9A19103F-16F7-4668-BE54-9A1E7A4F7556}") = "DXApplication1", "DXApplication1.csproj", "{CAE36842-9925-4F4D-8FE4-B0F0B1410E13}"
EndProject
Global
	GlobalSection(SolutionConfigurationPlatforms) = preSolution
		Debug|Any CPU = Debug|Any CPU
		Release|Any CPU = Release|Any CPU
	EndGlobalSection
	GlobalSection(ProjectConfigurationPlatforms) = postSolution
		{CAE36842-9925-4F4D-8FE4-B0F0B1410E13}.Debug|Any CPU.ActiveCfg = Debug|Any CPU
		{CAE36842-9925-4F4D-8FE4-B0F0B1410E13}.Debug|Any CPU.Build.0 = Debug|Any CPU
		{CAE36842-9925-4F4D-8FE4-B0F0B1410E13}.Release|Any CPU.ActiveCfg = Release|Any CPU
		{CAE36842-9925-4F4D-8FE4-B0F0B1410E13}.Release|Any CPU.Build.0 = Release|Any CPU
	EndGlobalSection
	GlobalSection(SolutionProperties) = preSolution
		HideSolutionNode = FALSE
	EndGlobalSection
	GlobalSection(ExtensibilityGlobals) = postSolution
		SolutionGuid = {6614F667-15EA-4C1B-A602-AB2047F21053}
	EndGlobalSection
EndGlobal
